
Microsoft Visual Studio Solution File, Format Version 12.00
# Visual Studio Version 16
VisualStudioVersion = 16.0.30320.27
MinimumVisualStudioVersion = 10.0.40219.1
Project("{FAE04EC0-301F-11D3-BF4B-00C04F79EFBC}") = "0.1 SortEvenNumbers", "0.1 SortEvenNumbers\0.1 SortEvenNumbers.csproj", "{BE8E4568-7C61-458B-B7BE-F20E9094A1DB}"
EndProject
Project("{FAE04EC0-301F-11D3-BF4B-00C04F79EFBC}") = "0.2 SumNumbers", "0.2 SumNumbers\0.2 SumNumbers.csproj", "{DDC4E33C-E3CF-4C2C-A545-692B6402FFBD}"
EndProject
Project("{FAE04EC0-301F-11D3-BF4B-00C04F79EFBC}") = "0.3 CountUppercaseWords", "0.3 CountUppercaseWords\0.3 CountUppercaseWords.csproj", "{8A193D5B-4EC8-4DE5-8237-C7EB089FE324}"
EndProject
Project("{FAE04EC0-301F-11D3-BF4B-00C04F79EFBC}") = "0.4 AddVAT", "0.4 AddVAT\0.4 AddVAT.csproj", "{CD20964B-8681-4F62-9466-F3C8779D24A2}"
EndProject
Project("{FAE04EC0-301F-11D3-BF4B-00C04F79EFBC}") = "0.5 FilterByAge", "0.5 FilterByAge\0.5 FilterByAge.csproj", "{6E27B6BB-0900-4761-9663-0A45B099DDE0}"
EndProject
Global
	GlobalSection(SolutionConfigurationPlatforms) = preSolution
		Debug|Any CPU = Debug|Any CPU
		Release|Any CPU = Release|Any CPU
	EndGlobalSection
	GlobalSection(ProjectConfigurationPlatforms) = postSolution
		{BE8E4568-7C61-458B-B7BE-F20E9094A1DB}.Debug|Any CPU.ActiveCfg = Debug|Any CPU
		{BE8E4568-7C61-458B-B7BE-F20E9094A1DB}.Debug|Any CPU.Build.0 = Debug|Any CPU
		{BE8E4568-7C61-458B-B7BE-F20E9094A1DB}.Release|Any CPU.ActiveCfg = Release|Any CPU
		{BE8E4568-7C61-458B-B7BE-F20E9094A1DB}.Release|Any CPU.Build.0 = Release|Any CPU
		{DDC4E33C-E3CF-4C2C-A545-692B6402FFBD}.Debug|Any CPU.ActiveCfg = Debug|Any CPU
		{DDC4E33C-E3CF-4C2C-A545-692B6402FFBD}.Debug|Any CPU.Build.0 = Debug|Any CPU
		{DDC4E33C-E3CF-4C2C-A545-692B6402FFBD}.Release|Any CPU.ActiveCfg = Release|Any CPU
		{DDC4E33C-E3CF-4C2C-A545-692B6402FFBD}.Release|Any CPU.Build.0 = Release|Any CPU
		{8A193D5B-4EC8-4DE5-8237-C7EB089FE324}.Debug|Any CPU.ActiveCfg = Debug|Any CPU
		{8A193D5B-4EC8-4DE5-8237-C7EB089FE324}.Debug|Any CPU.Build.0 = Debug|Any CPU
		{8A193D5B-4EC8-4DE5-8237-C7EB089FE324}.Release|Any CPU.ActiveCfg = Release|Any CPU
		{8A193D5B-4EC8-4DE5-8237-C7EB089FE324}.Release|Any CPU.Build.0 = Release|Any CPU
		{CD20964B-8681-4F62-9466-F3C8779D24A2}.Debug|Any CPU.ActiveCfg = Debug|Any CPU
		{CD20964B-8681-4F62-9466-F3C8779D24A2}.Debug|Any CPU.Build.0 = Debug|Any CPU
		{CD20964B-8681-4F62-9466-F3C8779D24A2}.Release|Any CPU.ActiveCfg = Release|Any CPU
		{CD20964B-8681-4F62-9466-F3C8779D24A2}.Release|Any CPU.Build.0 = Release|Any CPU
		{6E27B6BB-0900-4761-9663-0A45B099DDE0}.Debug|Any CPU.ActiveCfg = Debug|Any CPU
		{6E27B6BB-0900-4761-9663-0A45B099DDE0}.Debug|Any CPU.Build.0 = Debug|Any CPU
		{6E27B6BB-0900-4761-9663-0A45B099DDE0}.Release|Any CPU.ActiveCfg = Release|Any CPU
		{6E27B6BB-0900-4761-9663-0A45B099DDE0}.Release|Any CPU.Build.0 = Release|Any CPU
	EndGlobalSection
	GlobalSection(SolutionProperties) = preSolution
		HideSolutionNode = FALSE
	EndGlobalSection
	GlobalSection(ExtensibilityGlobals) = postSolution
		SolutionGuid = {EEEE5D84-0EA1-4B86-B453-0F538191E556}
	EndGlobalSection
EndGlobal
