
Microsoft Visual Studio Solution File, Format Version 12.00
# Visual Studio Version 17
VisualStudioVersion = 17.3.32929.385
MinimumVisualStudioVersion = 10.0.40219.1
Project("{9A19103F-16F7-4668-BE54-9A1E7A4F7556}") = "0.1 BasicStackOperations", "0.1 BasicStackOperations\0.1 BasicStackOperations.csproj", "{5A5ACA87-43C8-43A6-A3E8-D5334227C19F}"
EndProject
Project("{9A19103F-16F7-4668-BE54-9A1E7A4F7556}") = "0.2 BasicQueueOperations", "0.2 BasicQueueOperations\0.2 BasicQueueOperations.csproj", "{A4718598-1605-4BAE-9C89-920F8331FEF2}"
EndProject
Project("{9A19103F-16F7-4668-BE54-9A1E7A4F7556}") = "0.3 MaximumAndMinimumElement", "0.3 MaximumAndMinimumElement\0.3 MaximumAndMinimumElement.csproj", "{EB7DEAB9-A1EF-4B3B-ACD3-B0554E754B2D}"
EndProject
Project("{9A19103F-16F7-4668-BE54-9A1E7A4F7556}") = "0.4 FastFood", "0.4 4. FastFood\0.4 FastFood.csproj", "{9F86EEDD-A26D-497E-8F6E-0746EEA321B7}"
EndProject
Project("{9A19103F-16F7-4668-BE54-9A1E7A4F7556}") = "0.5 FashionBoutique", "0.5 FashionBoutique\0.5 FashionBoutique.csproj", "{D69C2604-F5A8-44C8-A171-A203D21AF4F1}"
EndProject
Project("{9A19103F-16F7-4668-BE54-9A1E7A4F7556}") = "0.6 SongsQueue", "0.6 SongsQueue\0.6 SongsQueue.csproj", "{20F19776-F8BC-4CAB-AEE7-405E8A4E6BD8}"
EndProject
Project("{FAE04EC0-301F-11D3-BF4B-00C04F79EFBC}") = "0.7 TruckTour", "0.7 TruckTour\0.7 TruckTour.csproj", "{BE85BB33-8C67-4AC3-84EC-AB338408B23F}"
EndProject
Project("{FAE04EC0-301F-11D3-BF4B-00C04F79EFBC}") = "0.8 BalancedParenthesis", "0.8 BalancedParenthesis\0.8 BalancedParenthesis.csproj", "{3A54E48B-1E6F-4EF4-91E8-212EF2E2097E}"
EndProject
Project("{FAE04EC0-301F-11D3-BF4B-00C04F79EFBC}") = "0.9 SimpleTextEditor", "0.9 SimpleTextEditor\0.9 SimpleTextEditor.csproj", "{CCEC9943-47F9-4640-B114-C9A23F1A2B23}"
EndProject
Project("{FAE04EC0-301F-11D3-BF4B-00C04F79EFBC}") = "0.10 Crossroads", "0.10 Crossroads\0.10 Crossroads.csproj", "{84A1563B-2EBA-4952-9366-AC278FECC04C}"
EndProject
Global
	GlobalSection(SolutionConfigurationPlatforms) = preSolution
		Debug|Any CPU = Debug|Any CPU
		Release|Any CPU = Release|Any CPU
	EndGlobalSection
	GlobalSection(ProjectConfigurationPlatforms) = postSolution
		{5A5ACA87-43C8-43A6-A3E8-D5334227C19F}.Debug|Any CPU.ActiveCfg = Debug|Any CPU
		{5A5ACA87-43C8-43A6-A3E8-D5334227C19F}.Debug|Any CPU.Build.0 = Debug|Any CPU
		{5A5ACA87-43C8-43A6-A3E8-D5334227C19F}.Release|Any CPU.ActiveCfg = Release|Any CPU
		{5A5ACA87-43C8-43A6-A3E8-D5334227C19F}.Release|Any CPU.Build.0 = Release|Any CPU
		{A4718598-1605-4BAE-9C89-920F8331FEF2}.Debug|Any CPU.ActiveCfg = Debug|Any CPU
		{A4718598-1605-4BAE-9C89-920F8331FEF2}.Debug|Any CPU.Build.0 = Debug|Any CPU
		{A4718598-1605-4BAE-9C89-920F8331FEF2}.Release|Any CPU.ActiveCfg = Release|Any CPU
		{A4718598-1605-4BAE-9C89-920F8331FEF2}.Release|Any CPU.Build.0 = Release|Any CPU
		{EB7DEAB9-A1EF-4B3B-ACD3-B0554E754B2D}.Debug|Any CPU.ActiveCfg = Debug|Any CPU
		{EB7DEAB9-A1EF-4B3B-ACD3-B0554E754B2D}.Debug|Any CPU.Build.0 = Debug|Any CPU
		{EB7DEAB9-A1EF-4B3B-ACD3-B0554E754B2D}.Release|Any CPU.ActiveCfg = Release|Any CPU
		{EB7DEAB9-A1EF-4B3B-ACD3-B0554E754B2D}.Release|Any CPU.Build.0 = Release|Any CPU
		{9F86EEDD-A26D-497E-8F6E-0746EEA321B7}.Debug|Any CPU.ActiveCfg = Debug|Any CPU
		{9F86EEDD-A26D-497E-8F6E-0746EEA321B7}.Debug|Any CPU.Build.0 = Debug|Any CPU
		{9F86EEDD-A26D-497E-8F6E-0746EEA321B7}.Release|Any CPU.ActiveCfg = Release|Any CPU
		{9F86EEDD-A26D-497E-8F6E-0746EEA321B7}.Release|Any CPU.Build.0 = Release|Any CPU
		{D69C2604-F5A8-44C8-A171-A203D21AF4F1}.Debug|Any CPU.ActiveCfg = Debug|Any CPU
		{D69C2604-F5A8-44C8-A171-A203D21AF4F1}.Debug|Any CPU.Build.0 = Debug|Any CPU
		{D69C2604-F5A8-44C8-A171-A203D21AF4F1}.Release|Any CPU.ActiveCfg = Release|Any CPU
		{D69C2604-F5A8-44C8-A171-A203D21AF4F1}.Release|Any CPU.Build.0 = Release|Any CPU
		{20F19776-F8BC-4CAB-AEE7-405E8A4E6BD8}.Debug|Any CPU.ActiveCfg = Debug|Any CPU
		{20F19776-F8BC-4CAB-AEE7-405E8A4E6BD8}.Debug|Any CPU.Build.0 = Debug|Any CPU
		{20F19776-F8BC-4CAB-AEE7-405E8A4E6BD8}.Release|Any CPU.ActiveCfg = Release|Any CPU
		{20F19776-F8BC-4CAB-AEE7-405E8A4E6BD8}.Release|Any CPU.Build.0 = Release|Any CPU
		{BE85BB33-8C67-4AC3-84EC-AB338408B23F}.Debug|Any CPU.ActiveCfg = Debug|Any CPU
		{BE85BB33-8C67-4AC3-84EC-AB338408B23F}.Debug|Any CPU.Build.0 = Debug|Any CPU
		{BE85BB33-8C67-4AC3-84EC-AB338408B23F}.Release|Any CPU.ActiveCfg = Release|Any CPU
		{BE85BB33-8C67-4AC3-84EC-AB338408B23F}.Release|Any CPU.Build.0 = Release|Any CPU
		{3A54E48B-1E6F-4EF4-91E8-212EF2E2097E}.Debug|Any CPU.ActiveCfg = Debug|Any CPU
		{3A54E48B-1E6F-4EF4-91E8-212EF2E2097E}.Debug|Any CPU.Build.0 = Debug|Any CPU
		{3A54E48B-1E6F-4EF4-91E8-212EF2E2097E}.Release|Any CPU.ActiveCfg = Release|Any CPU
		{3A54E48B-1E6F-4EF4-91E8-212EF2E2097E}.Release|Any CPU.Build.0 = Release|Any CPU
		{CCEC9943-47F9-4640-B114-C9A23F1A2B23}.Debug|Any CPU.ActiveCfg = Debug|Any CPU
		{CCEC9943-47F9-4640-B114-C9A23F1A2B23}.Debug|Any CPU.Build.0 = Debug|Any CPU
		{CCEC9943-47F9-4640-B114-C9A23F1A2B23}.Release|Any CPU.ActiveCfg = Release|Any CPU
		{CCEC9943-47F9-4640-B114-C9A23F1A2B23}.Release|Any CPU.Build.0 = Release|Any CPU
		{84A1563B-2EBA-4952-9366-AC278FECC04C}.Debug|Any CPU.ActiveCfg = Debug|Any CPU
		{84A1563B-2EBA-4952-9366-AC278FECC04C}.Debug|Any CPU.Build.0 = Debug|Any CPU
		{84A1563B-2EBA-4952-9366-AC278FECC04C}.Release|Any CPU.ActiveCfg = Release|Any CPU
		{84A1563B-2EBA-4952-9366-AC278FECC04C}.Release|Any CPU.Build.0 = Release|Any CPU
	EndGlobalSection
	GlobalSection(SolutionProperties) = preSolution
		HideSolutionNode = FALSE
	EndGlobalSection
	GlobalSection(ExtensibilityGlobals) = postSolution
		SolutionGuid = {B3245E40-37B5-40F2-9330-5EFE9A2ACBC7}
	EndGlobalSection
EndGlobal
